
Microsoft Visual Studio Solution File, Format Version 12.00
# Visual Studio 2012
Project("{FAE04EC0-301F-11D3-BF4B-00C04F79EFBC}") = "CSharpRoslynAutoComplete", "CSharpRoslynAutoComplete\CSharpRoslynAutoComplete.csproj", "{C247AC90-A214-424D-B1B6-E2177958A986}"
EndProject
Project("{FAE04EC0-301F-11D3-BF4B-00C04F79EFBC}") = "CSharpRoslynAutoCompleteClient", "CSharpRoslynAutoCompleteClient\CSharpRoslynAutoCompleteClient.csproj", "{6F2F1A5C-4300-4BF0-B9C1-7CCDCAEAAEAD}"
EndProject
Project("{FAE04EC0-301F-11D3-BF4B-00C04F79EFBC}") = "CSharpRoslynAutoCompleteConsoleClient", "CSharpRoslynAutoCompleteConsoleClient\CSharpRoslynAutoCompleteConsoleClient.csproj", "{FEA5A9FD-4ED7-442C-BC98-63100011EE97}"
EndProject
Global
	GlobalSection(SolutionConfigurationPlatforms) = preSolution
		Debug|Any CPU = Debug|Any CPU
		Release|Any CPU = Release|Any CPU
	EndGlobalSection
	GlobalSection(ProjectConfigurationPlatforms) = postSolution
		{6F2F1A5C-4300-4BF0-B9C1-7CCDCAEAAEAD}.Debug|Any CPU.ActiveCfg = Debug|Any CPU
		{6F2F1A5C-4300-4BF0-B9C1-7CCDCAEAAEAD}.Debug|Any CPU.Build.0 = Debug|Any CPU
		{6F2F1A5C-4300-4BF0-B9C1-7CCDCAEAAEAD}.Release|Any CPU.ActiveCfg = Release|Any CPU
		{6F2F1A5C-4300-4BF0-B9C1-7CCDCAEAAEAD}.Release|Any CPU.Build.0 = Release|Any CPU
		{C247AC90-A214-424D-B1B6-E2177958A986}.Debug|Any CPU.ActiveCfg = Debug|Any CPU
		{C247AC90-A214-424D-B1B6-E2177958A986}.Debug|Any CPU.Build.0 = Debug|Any CPU
		{C247AC90-A214-424D-B1B6-E2177958A986}.Release|Any CPU.ActiveCfg = Release|Any CPU
		{C247AC90-A214-424D-B1B6-E2177958A986}.Release|Any CPU.Build.0 = Release|Any CPU
		{FEA5A9FD-4ED7-442C-BC98-63100011EE97}.Debug|Any CPU.ActiveCfg = Debug|Any CPU
		{FEA5A9FD-4ED7-442C-BC98-63100011EE97}.Debug|Any CPU.Build.0 = Debug|Any CPU
		{FEA5A9FD-4ED7-442C-BC98-63100011EE97}.Release|Any CPU.ActiveCfg = Release|Any CPU
		{FEA5A9FD-4ED7-442C-BC98-63100011EE97}.Release|Any CPU.Build.0 = Release|Any CPU
	EndGlobalSection
	GlobalSection(MonoDevelopProperties) = preSolution
		StartupItem = CSharpRoslynAutoCompleteClient\CSharpRoslynAutoCompleteClient.csproj
	EndGlobalSection
EndGlobal
